
Microsoft Visual Studio Solution File, Format Version 12.00
# Visual Studio Version 17
VisualStudioVersion = 17.14.36804.6 d17.14
MinimumVisualStudioVersion = 10.0.40219.1
Project("{FAE04EC0-301F-11D3-BF4B-00C04F79EFBC}") = "SelectML.Core", "SelectML.Core\SelectML.Core.csproj", "{DBE861CD-E0DC-4DD4-83F0-F6DC4F927EAA}"
EndProject
Project("{FAE04EC0-301F-11D3-BF4B-00C04F79EFBC}") = "SelectML.Parsers.ViciVision", "SelectML.Parsers.ViciVision\SelectML.Parsers.ViciVision.csproj", "{7182A97B-5FBF-4A18-8B8E-F32CB16F4670}"
EndProject
Project("{FAE04EC0-301F-11D3-BF4B-00C04F79EFBC}") = "SelectML.Client", "SelectML.Client\SelectML.Client.csproj", "{706F860F-180F-4EAF-BD0F-77871DA840BB}"
EndProject
Global
	GlobalSection(SolutionConfigurationPlatforms) = preSolution
		Debug|Any CPU = Debug|Any CPU
		Release|Any CPU = Release|Any CPU
	EndGlobalSection
	GlobalSection(ProjectConfigurationPlatforms) = postSolution
		{DBE861CD-E0DC-4DD4-83F0-F6DC4F927EAA}.Debug|Any CPU.ActiveCfg = Debug|Any CPU
		{DBE861CD-E0DC-4DD4-83F0-F6DC4F927EAA}.Debug|Any CPU.Build.0 = Debug|Any CPU
		{DBE861CD-E0DC-4DD4-83F0-F6DC4F927EAA}.Release|Any CPU.ActiveCfg = Release|Any CPU
		{DBE861CD-E0DC-4DD4-83F0-F6DC4F927EAA}.Release|Any CPU.Build.0 = Release|Any CPU
		{7182A97B-5FBF-4A18-8B8E-F32CB16F4670}.Debug|Any CPU.ActiveCfg = Debug|Any CPU
		{7182A97B-5FBF-4A18-8B8E-F32CB16F4670}.Debug|Any CPU.Build.0 = Debug|Any CPU
		{7182A97B-5FBF-4A18-8B8E-F32CB16F4670}.Release|Any CPU.ActiveCfg = Release|Any CPU
		{7182A97B-5FBF-4A18-8B8E-F32CB16F4670}.Release|Any CPU.Build.0 = Release|Any CPU
		{706F860F-180F-4EAF-BD0F-77871DA840BB}.Debug|Any CPU.ActiveCfg = Debug|Any CPU
		{706F860F-180F-4EAF-BD0F-77871DA840BB}.Debug|Any CPU.Build.0 = Debug|Any CPU
		{706F860F-180F-4EAF-BD0F-77871DA840BB}.Release|Any CPU.ActiveCfg = Release|Any CPU
		{706F860F-180F-4EAF-BD0F-77871DA840BB}.Release|Any CPU.Build.0 = Release|Any CPU
	EndGlobalSection
	GlobalSection(SolutionProperties) = preSolution
		HideSolutionNode = FALSE
	EndGlobalSection
	GlobalSection(ExtensibilityGlobals) = postSolution
		SolutionGuid = {328B2ACA-0181-478E-B00F-E7D5E019802E}
	EndGlobalSection
EndGlobal
